
Microsoft Visual Studio Solution File, Format Version 12.00
# Visual Studio Version 17
VisualStudioVersion = 17.3.32825.248
MinimumVisualStudioVersion = 10.0.40219.1
Project("{00D1A9C2-B5F0-4AF3-8072-F6C62B433612}") = "ForestSpirit", "ForestSpirit.sqlproj", "{B213928C-7C9B-4AC1-A857-6B15900A0A1B}"
EndProject
Global
	GlobalSection(SolutionConfigurationPlatforms) = preSolution
		Debug|Any CPU = Debug|Any CPU
		Release|Any CPU = Release|Any CPU
	EndGlobalSection
	GlobalSection(ProjectConfigurationPlatforms) = postSolution
		{B213928C-7C9B-4AC1-A857-6B15900A0A1B}.Debug|Any CPU.ActiveCfg = Debug|Any CPU
		{B213928C-7C9B-4AC1-A857-6B15900A0A1B}.Debug|Any CPU.Build.0 = Debug|Any CPU
		{B213928C-7C9B-4AC1-A857-6B15900A0A1B}.Debug|Any CPU.Deploy.0 = Debug|Any CPU
		{B213928C-7C9B-4AC1-A857-6B15900A0A1B}.Release|Any CPU.ActiveCfg = Release|Any CPU
		{B213928C-7C9B-4AC1-A857-6B15900A0A1B}.Release|Any CPU.Build.0 = Release|Any CPU
		{B213928C-7C9B-4AC1-A857-6B15900A0A1B}.Release|Any CPU.Deploy.0 = Release|Any CPU
	EndGlobalSection
	GlobalSection(SolutionProperties) = preSolution
		HideSolutionNode = FALSE
	EndGlobalSection
	GlobalSection(ExtensibilityGlobals) = postSolution
		SolutionGuid = {8F5B7A1B-4F0D-4983-8E0E-E4C26F8F2C26}
	EndGlobalSection
EndGlobal
